
Microsoft Visual Studio Solution File, Format Version 12.00
Project("{FAE04EC0-301F-11D3-BF4B-00C04F79EFBC}") = "ClasseEstatica", "ClasseEstatica.csproj", "{FC759152-FDF1-4E1E-B9EF-274C325ECFAB}"
EndProject
Global
	GlobalSection(SolutionConfigurationPlatforms) = preSolution
		Debug|Any CPU = Debug|Any CPU
		Release|Any CPU = Release|Any CPU
	EndGlobalSection
	GlobalSection(ProjectConfigurationPlatforms) = postSolution
		{FC759152-FDF1-4E1E-B9EF-274C325ECFAB}.Debug|Any CPU.ActiveCfg = Debug|Any CPU
		{FC759152-FDF1-4E1E-B9EF-274C325ECFAB}.Debug|Any CPU.Build.0 = Debug|Any CPU
		{FC759152-FDF1-4E1E-B9EF-274C325ECFAB}.Release|Any CPU.ActiveCfg = Release|Any CPU
		{FC759152-FDF1-4E1E-B9EF-274C325ECFAB}.Release|Any CPU.Build.0 = Release|Any CPU
	EndGlobalSection
EndGlobal
